Microsoft Visual Studio Solution File, Format Version 7.00
Project("{FAE04EC0-301F-11D3-BF4B-00C04F79EFBC}") = "NMatrix.XGoF", "src\NMatrix.XGoF.csproj", "{BEBC4573-CB09-44B3-AB1D-17E071B394AB}"
EndProject
Project("{FAE04EC0-301F-11D3-BF4B-00C04F79EFBC}") = "NMatrix.XGoF.PlugIn.TypedDataSet", "TypedDataSet\NMatrix.XGoF.PlugIn.TypedDataSet.csproj", "{F7FC2260-0020-4952-A84D-3D6964B17F74}"
EndProject
Project("{FAE04EC0-301F-11D3-BF4B-00C04F79EFBC}") = "NMatrix.Core", "..\Core\src\NMatrix.Core.csproj", "{2C128D1B-7A74-4448-B2E3-08C6E31428EF}"
EndProject
Project("{FAE04EC0-301F-11D3-BF4B-00C04F79EFBC}") = "NMatrix.XDL", "..\XDL\src\NMatrix.XDL.csproj", "{4891F336-99BD-43ED-807E-46A185C47B70}"
EndProject
Project("{FAE04EC0-301F-11D3-BF4B-00C04F79EFBC}") = "NMatrix.XGoF.PlugIn.XDL", "..\XDL\XGoF.PlugIn\NMatrix.XGoF.PlugIn.XDL.csproj", "{2A88C9EC-877C-4ADA-B38A-67C4AC11A717}"
EndProject
Global
	GlobalSection(SolutionConfiguration) = preSolution
		ConfigName.0 = Debug
		ConfigName.1 = Release
	EndGlobalSection
	GlobalSection(ProjectDependencies) = postSolution
	EndGlobalSection
	GlobalSection(ProjectConfiguration) = postSolution
		{BEBC4573-CB09-44B3-AB1D-17E071B394AB}.Debug.ActiveCfg = Debug|.NET
		{BEBC4573-CB09-44B3-AB1D-17E071B394AB}.Debug.Build.0 = Debug|.NET
		{BEBC4573-CB09-44B3-AB1D-17E071B394AB}.Release.ActiveCfg = Release|.NET
		{BEBC4573-CB09-44B3-AB1D-17E071B394AB}.Release.Build.0 = Release|.NET
		{F7FC2260-0020-4952-A84D-3D6964B17F74}.Debug.ActiveCfg = Debug|.NET
		{F7FC2260-0020-4952-A84D-3D6964B17F74}.Debug.Build.0 = Debug|.NET
		{F7FC2260-0020-4952-A84D-3D6964B17F74}.Release.ActiveCfg = Release|.NET
		{F7FC2260-0020-4952-A84D-3D6964B17F74}.Release.Build.0 = Release|.NET
		{2C128D1B-7A74-4448-B2E3-08C6E31428EF}.Debug.ActiveCfg = Debug|.NET
		{2C128D1B-7A74-4448-B2E3-08C6E31428EF}.Debug.Build.0 = Debug|.NET
		{2C128D1B-7A74-4448-B2E3-08C6E31428EF}.Release.ActiveCfg = Release|.NET
		{2C128D1B-7A74-4448-B2E3-08C6E31428EF}.Release.Build.0 = Release|.NET
		{4891F336-99BD-43ED-807E-46A185C47B70}.Debug.ActiveCfg = Debug|.NET
		{4891F336-99BD-43ED-807E-46A185C47B70}.Debug.Build.0 = Debug|.NET
		{4891F336-99BD-43ED-807E-46A185C47B70}.Release.ActiveCfg = Release|.NET
		{4891F336-99BD-43ED-807E-46A185C47B70}.Release.Build.0 = Release|.NET
		{2A88C9EC-877C-4ADA-B38A-67C4AC11A717}.Debug.ActiveCfg = Debug|.NET
		{2A88C9EC-877C-4ADA-B38A-67C4AC11A717}.Debug.Build.0 = Debug|.NET
		{2A88C9EC-877C-4ADA-B38A-67C4AC11A717}.Release.ActiveCfg = Release|.NET
		{2A88C9EC-877C-4ADA-B38A-67C4AC11A717}.Release.Build.0 = Release|.NET
	EndGlobalSection
	GlobalSection(ExtensibilityGlobals) = postSolution
	EndGlobalSection
	GlobalSection(ExtensibilityAddIns) = postSolution
	EndGlobalSection
EndGlobal
