Microsoft Visual Studio Solution File, Format Version 7.00
Project("{FAE04EC0-301F-11D3-BF4B-00C04F79EFBC}") = "NMatrix.XGoF.SampleProject", "NMatrix.XGoF.SampleProject.csproj", "{44668776-C4B2-40C9-820C-E0894F0B9C62}"
EndProject
Global
	GlobalSection(SolutionConfiguration) = preSolution
		ConfigName.0 = Debug
		ConfigName.1 = Release
	EndGlobalSection
	GlobalSection(ProjectDependencies) = postSolution
	EndGlobalSection
	GlobalSection(ProjectConfiguration) = postSolution
		{44668776-C4B2-40C9-820C-E0894F0B9C62}.Debug.ActiveCfg = Debug|.NET
		{44668776-C4B2-40C9-820C-E0894F0B9C62}.Debug.Build.0 = Debug|.NET
		{44668776-C4B2-40C9-820C-E0894F0B9C62}.Release.ActiveCfg = Release|.NET
		{44668776-C4B2-40C9-820C-E0894F0B9C62}.Release.Build.0 = Release|.NET
	EndGlobalSection
	GlobalSection(ExtensibilityGlobals) = postSolution
	EndGlobalSection
	GlobalSection(ExtensibilityAddIns) = postSolution
	EndGlobalSection
EndGlobal
